
Microsoft Visual Studio Solution File, Format Version 12.00
# Visual Studio Version 17
VisualStudioVersion = 17.9.34616.47
MinimumVisualStudioVersion = 10.0.40219.1
Project("{FAE04EC0-301F-11D3-BF4B-00C04F79EFBC}") = "LoginFormDemo", "LoginFormDemo\LoginFormDemo.csproj", "{AD843923-F33B-4079-926B-B868948EBA09}"
EndProject
Global
	GlobalSection(SolutionConfigurationPlatforms) = preSolution
		Debug|Any CPU = Debug|Any CPU
		Release|Any CPU = Release|Any CPU
	EndGlobalSection
	GlobalSection(ProjectConfigurationPlatforms) = postSolution
		{AD843923-F33B-4079-926B-B868948EBA09}.Debug|Any CPU.ActiveCfg = Debug|Any CPU
		{AD843923-F33B-4079-926B-B868948EBA09}.Debug|Any CPU.Build.0 = Debug|Any CPU
		{AD843923-F33B-4079-926B-B868948EBA09}.Release|Any CPU.ActiveCfg = Release|Any CPU
		{AD843923-F33B-4079-926B-B868948EBA09}.Release|Any CPU.Build.0 = Release|Any CPU
	EndGlobalSection
	GlobalSection(SolutionProperties) = preSolution
		HideSolutionNode = FALSE
	EndGlobalSection
	GlobalSection(ExtensibilityGlobals) = postSolution
		SolutionGuid = {DD6B24EA-7A63-48FB-A5F1-22CA45E97171}
	EndGlobalSection
EndGlobal
